PODS:
  - GlobalValueKeeper (0.2.1)
  - Localize-Swift (3.1.0)
  - SiFUtilities (4.9.12):
    - SiFUtilities/Default (= 4.9.12)
  - SiFUtilities/Core (4.9.12)
  - SiFUtilities/Default (4.9.12):
    - SiFUtilities/Core
    - SiFUtilities/Endpoint
    - SiFUtilities/Helpers
    - SiFUtilities/IBDesignable
    - SiFUtilities/KeyValue
    - SiFUtilities/Loading
    - SiFUtilities/Localize
    - SiFUtilities/Nib
    - SiFUtilities/Runtime
    - SiFUtilities/Show
    - SiFUtilities/WeakObject
  - SiFUtilities/Endpoint (4.9.12)
  - SiFUtilities/Helpers (4.9.12)
  - SiFUtilities/IBDesignable (4.9.12):
    - SiFUtilities/Core
  - SiFUtilities/KeyValue (4.9.12)
  - SiFUtilities/Loading (4.9.12)
  - SiFUtilities/Localize (4.9.12):
    - Localize-Swift
    - SiFUtilities/Core
    - SiFUtilities/Runtime
  - SiFUtilities/Nib (4.9.12):
    - SiFUtilities/Core
  - SiFUtilities/Runtime (4.9.12)
  - SiFUtilities/Show (4.9.12):
    - SiFUtilities/Core
    - SiFUtilities/Localize
  - SiFUtilities/WeakObject (4.9.12)

DEPENDENCIES:
  - GlobalValueKeeper (from `../`)
  - SiFUtilities

SPEC REPOS:
  trunk:
    - Localize-Swift
    - SiFUtilities

EXTERNAL SOURCES:
  GlobalValueKeeper:
    :path: "../"

SPEC CHECKSUMS:
  GlobalValueKeeper: d83989d81c09d3046ca757e7916a166e3838e6f6
  Localize-Swift: 4bed4f0ccac8be2ec3517ee359da80ba2adb0fae
  SiFUtilities: face68fdbdf54e062a016f5ca652cd2dbbf8b6f8

PODFILE CHECKSUM: 6627966e2b5a4cc1d46489d6ece9786e4d895acc

COCOAPODS: 1.9.3
