PODS:
  - GlobalValueKeeper (0.1.0)

DEPENDENCIES:
  - GlobalValueKeeper (from `../`)

EXTERNAL SOURCES:
  GlobalValueKeeper:
    :path: "../"

SPEC CHECKSUMS:
  GlobalValueKeeper: ba32d6306dfb5ba0d4e644142fc101a483024273

PODFILE CHECKSUM: e8e3eca61888c3c54e00dbd09205b2cfb672e9b4

COCOAPODS: 1.9.0
